// !$*UTF8*$!
{
	archiveVersion = 1;
	classes = {
	};
	objectVersion = 51;
	objects = {

/* Begin PBXBuildFile section */
		602E6E109F9690BACCF90149 /* Pods_Midterm.framework in Frameworks */ = {isa = PBXBuildFile; fileRef = B4D40B16A7C0D5A586F583E7 /* Pods_Midterm.framework */; };
		B119D99F2547C53C0001C9FC /* HolidaysTableViewController.swift in Sources */ = {isa = PBXBuildFile; fileRef = B119D99E2547C53C0001C9FC /* HolidaysTableViewController.swift */; };
		B135BA76253A1CB100B98F34 /* LoginViewController.swift in Sources */ = {isa = PBXBuildFile; fileRef = B135BA75253A1CB100B98F34 /* LoginViewController.swift */; };
		B176A85F253975AF00EA3EE6 /* Holiday.swift in Sources */ = {isa = PBXBuildFile; fileRef = B176A85E253975AF00EA3EE6 /* Holiday.swift */; };
		B176A8612539780A00EA3EE6 /* HolidayRequest.swift in Sources */ = {isa = PBXBuildFile; fileRef = B176A8602539780A00EA3EE6 /* HolidayRequest.swift */; };
		B1B735552538BDAA00BA1B14 /* AppDelegate.swift in Sources */ = {isa = PBXBuildFile; fileRef = B1B735542538BDAA00BA1B14 /* AppDelegate.swift */; };
		B1B735572538BDAA00BA1B14 /* SceneDelegate.swift in Sources */ = {isa = PBXBuildFile; fileRef = B1B735562538BDAA00BA1B14 /* SceneDelegate.swift */; };
		B1B735592538BDAA00BA1B14 /* ViewController.swift in Sources */ = {isa = PBXBuildFile; fileRef = B1B735582538BDAA00BA1B14 /* ViewController.swift */; };
		B1B7355C2538BDAA00BA1B14 /* Main.storyboard in Resources */ = {isa = PBXBuildFile; fileRef = B1B7355A2538BDAA00BA1B14 /* Main.storyboard */; };
		B1B7355E2538BDAC00BA1B14 /* Assets.xcassets in Resources */ = {isa = PBXBuildFile; fileRef = B1B7355D2538BDAC00BA1B14 /* Assets.xcassets */; };
		B1B735612538BDAC00BA1B14 /* LaunchScreen.storyboard in Resources */ = {isa = PBXBuildFile; fileRef = B1B7355F2538BDAC00BA1B14 /* LaunchScreen.storyboard */; };
		B1B735692538CE0300BA1B14 /* CalendarViewController.swift in Sources */ = {isa = PBXBuildFile; fileRef = B1B735682538CE0300BA1B14 /* CalendarViewController.swift */; };
		B1DA03182539C55B00DB699D /* MapViewController.swift in Sources */ = {isa = PBXBuildFile; fileRef = B1DA03172539C55B00DB699D /* MapViewController.swift */; };
		B1DA031A2539EDD700DB699D /* CountryViewController.swift in Sources */ = {isa = PBXBuildFile; fileRef = B1DA03192539EDD700DB699D /* CountryViewController.swift */; };
		B1DA031C253A014200DB699D /* CustomTableViewCell.swift in Sources */ = {isa = PBXBuildFile; fileRef = B1DA031B253A014200DB699D /* CustomTableViewCell.swift */; };
		B1E8D740253AED4800AEC11E /* DetailViewController.swift in Sources */ = {isa = PBXBuildFile; fileRef = B1E8D73F253AED4800AEC11E /* DetailViewController.swift */; };
		B1E8D742253AF01D00AEC11E /* Custom2TableViewCell.swift in Sources */ = {isa = PBXBuildFile; fileRef = B1E8D741253AF01D00AEC11E /* Custom2TableViewCell.swift */; };
		B1E8D74A253B611100AEC11E /* DevelopersViewController.swift in Sources */ = {isa = PBXBuildFile; fileRef = B1E8D749253B611100AEC11E /* DevelopersViewController.swift */; };
		B1E8D74C253B619A00AEC11E /* UserViewController.swift in Sources */ = {isa = PBXBuildFile; fileRef = B1E8D74B253B619A00AEC11E /* UserViewController.swift */; };
		B1E8D74E253B61EA00AEC11E /* Models.swift in Sources */ = {isa = PBXBuildFile; fileRef = B1E8D74D253B61EA00AEC11E /* Models.swift */; };
/* End PBXBuildFile section */

/* Begin PBXFileReference section */
		0DF2E32A71D0E74275CDD8A0 /* Pods-Midterm.debug.xcconfig */ = {isa = PBXFileReference; includeInIndex = 1; lastKnownFileType = text.xcconfig; name = "Pods-Midterm.debug.xcconfig"; path = "Target Support Files/Pods-Midterm/Pods-Midterm.debug.xcconfig"; sourceTree = "<group>"; };
		B119D99E2547C53C0001C9FC /* HolidaysTableViewController.swift */ = {isa = PBXFileReference; lastKnownFileType = sourcecode.swift; path = HolidaysTableViewController.swift; sourceTree = "<group>"; };
		B135BA75253A1CB100B98F34 /* LoginViewController.swift */ = {isa = PBXFileReference; lastKnownFileType = sourcecode.swift; path = LoginViewController.swift; sourceTree = "<group>"; };
		B176A85E253975AF00EA3EE6 /* Holiday.swift */ = {isa = PBXFileReference; lastKnownFileType = sourcecode.swift; path = Holiday.swift; sourceTree = "<group>"; };
		B176A8602539780A00EA3EE6 /* HolidayRequest.swift */ = {isa = PBXFileReference; lastKnownFileType = sourcecode.swift; path = HolidayRequest.swift; sourceTree = "<group>"; };
		B1B735512538BDAA00BA1B14 /* Midterm.app */ = {isa = PBXFileReference; explicitFileType = wrapper.application; includeInIndex = 0; path = Midterm.app; sourceTree = BUILT_PRODUCTS_DIR; };
		B1B735542538BDAA00BA1B14 /* AppDelegate.swift */ = {isa = PBXFileReference; lastKnownFileType = sourcecode.swift; path = AppDelegate.swift; sourceTree = "<group>"; };
		B1B735562538BDAA00BA1B14 /* SceneDelegate.swift */ = {isa = PBXFileReference; lastKnownFileType = sourcecode.swift; path = SceneDelegate.swift; sourceTree = "<group>"; };
		B1B735582538BDAA00BA1B14 /* ViewController.swift */ = {isa = PBXFileReference; lastKnownFileType = sourcecode.swift; path = ViewController.swift; sourceTree = "<group>"; };
		B1B7355B2538BDAA00BA1B14 /* Base */ = {isa = PBXFileReference; lastKnownFileType = file.storyboard; name = Base; path = Base.lproj/Main.storyboard; sourceTree = "<group>"; };
		B1B7355D2538BDAC00BA1B14 /* Assets.xcassets */ = {isa = PBXFileReference; lastKnownFileType = folder.assetcatalog; path = Assets.xcassets; sourceTree = "<group>"; };
		B1B735602538BDAC00BA1B14 /* Base */ = {isa = PBXFileReference; lastKnownFileType = file.storyboard; name = Base; path = Base.lproj/LaunchScreen.storyboard; sourceTree = "<group>"; };
		B1B735622538BDAC00BA1B14 /* Info.plist */ = {isa = PBXFileReference; lastKnownFileType = text.plist.xml; path = Info.plist; sourceTree = "<group>"; };
		B1B735682538CE0300BA1B14 /* CalendarViewController.swift */ = {isa = PBXFileReference; lastKnownFileType = sourcecode.swift; path = CalendarViewController.swift; sourceTree = "<group>"; };
		B1DA03172539C55B00DB699D /* MapViewController.swift */ = {isa = PBXFileReference; lastKnownFileType = sourcecode.swift; path = MapViewController.swift; sourceTree = "<group>"; };
		B1DA03192539EDD700DB699D /* CountryViewController.swift */ = {isa = PBXFileReference; lastKnownFileType = sourcecode.swift; path = CountryViewController.swift; sourceTree = "<group>"; };
		B1DA031B253A014200DB699D /* CustomTableViewCell.swift */ = {isa = PBXFileReference; lastKnownFileType = sourcecode.swift; path = CustomTableViewCell.swift; sourceTree = "<group>"; };
		B1E8D73F253AED4800AEC11E /* DetailViewController.swift */ = {isa = PBXFileReference; lastKnownFileType = sourcecode.swift; path = DetailViewController.swift; sourceTree = "<group>"; };
		B1E8D741253AF01D00AEC11E /* Custom2TableViewCell.swift */ = {isa = PBXFileReference; lastKnownFileType = sourcecode.swift; path = Custom2TableViewCell.swift; sourceTree = "<group>"; };
		B1E8D749253B611100AEC11E /* DevelopersViewController.swift */ = {isa = PBXFileReference; lastKnownFileType = sourcecode.swift; path = DevelopersViewController.swift; sourceTree = "<group>"; };
		B1E8D74B253B619A00AEC11E /* UserViewController.swift */ = {isa = PBXFileReference; lastKnownFileType = sourcecode.swift; path = UserViewController.swift; sourceTree = "<group>"; };
		B1E8D74D253B61EA00AEC11E /* Models.swift */ = {isa = PBXFileReference; lastKnownFileType = sourcecode.swift; path = Models.swift; sourceTree = "<group>"; };
		B4D40B16A7C0D5A586F583E7 /* Pods_Midterm.framework */ = {isa = PBXFileReference; explicitFileType = wrapper.framework; includeInIndex = 0; path = Pods_Midterm.framework; sourceTree = BUILT_PRODUCTS_DIR; };
		CECB1DFA5BD938FE2DDD9068 /* Pods-Midterm.release.xcconfig */ = {isa = PBXFileReference; includeInIndex = 1; lastKnownFileType = text.xcconfig; name = "Pods-Midterm.release.xcconfig"; path = "Target Support Files/Pods-Midterm/Pods-Midterm.release.xcconfig"; sourceTree = "<group>"; };
/* End PBXFileReference section */

/* Begin PBXFrameworksBuildPhase section */
		B1B7354E2538BDA900BA1B14 /* Frameworks */ = {
			isa = PBXFrameworksBuildPhase;
			buildActionMask = 2147483647;
			files = (
				602E6E109F9690BACCF90149 /* Pods_Midterm.framework in Frameworks */,
			);
			runOnlyForDeploymentPostprocessing = 0;
		};
/* End PBXFrameworksBuildPhase section */

/* Begin PBXGroup section */
		B1B735482538BDA900BA1B14 = {
			isa = PBXGroup;
			children = (
				B1B735532538BDAA00BA1B14 /* Midterm */,
				B1B735522538BDAA00BA1B14 /* Products */,
				BD62BECDD08A0AFC39A66903 /* Pods */,
				E84BD49FD91544F6B95E642D /* Frameworks */,
			);
			sourceTree = "<group>";
		};
		B1B735522538BDAA00BA1B14 /* Products */ = {
			isa = PBXGroup;
			children = (
				B1B735512538BDAA00BA1B14 /* Midterm.app */,
			);
			name = Products;
			sourceTree = "<group>";
		};
		B1B735532538BDAA00BA1B14 /* Midterm */ = {
			isa = PBXGroup;
			children = (
				B1B735542538BDAA00BA1B14 /* AppDelegate.swift */,
				B1B735562538BDAA00BA1B14 /* SceneDelegate.swift */,
				B1B735582538BDAA00BA1B14 /* ViewController.swift */,
				B1B7355A2538BDAA00BA1B14 /* Main.storyboard */,
				B1B7355D2538BDAC00BA1B14 /* Assets.xcassets */,
				B1B7355F2538BDAC00BA1B14 /* LaunchScreen.storyboard */,
				B1B735622538BDAC00BA1B14 /* Info.plist */,
				B1B735682538CE0300BA1B14 /* CalendarViewController.swift */,
				B176A85E253975AF00EA3EE6 /* Holiday.swift */,
				B176A8602539780A00EA3EE6 /* HolidayRequest.swift */,
				B1DA03172539C55B00DB699D /* MapViewController.swift */,
				B1DA03192539EDD700DB699D /* CountryViewController.swift */,
				B1DA031B253A014200DB699D /* CustomTableViewCell.swift */,
				B135BA75253A1CB100B98F34 /* LoginViewController.swift */,
				B1E8D73F253AED4800AEC11E /* DetailViewController.swift */,
				B1E8D741253AF01D00AEC11E /* Custom2TableViewCell.swift */,
				B1E8D749253B611100AEC11E /* DevelopersViewController.swift */,
				B1E8D74B253B619A00AEC11E /* UserViewController.swift */,
				B1E8D74D253B61EA00AEC11E /* Models.swift */,
				B119D99E2547C53C0001C9FC /* HolidaysTableViewController.swift */,
			);
			path = Midterm;
			sourceTree = "<group>";
		};
		BD62BECDD08A0AFC39A66903 /* Pods */ = {
			isa = PBXGroup;
			children = (
				0DF2E32A71D0E74275CDD8A0 /* Pods-Midterm.debug.xcconfig */,
				CECB1DFA5BD938FE2DDD9068 /* Pods-Midterm.release.xcconfig */,
			);
			path = Pods;
			sourceTree = "<group>";
		};
		E84BD49FD91544F6B95E642D /* Frameworks */ = {
			isa = PBXGroup;
			children = (
				B4D40B16A7C0D5A586F583E7 /* Pods_Midterm.framework */,
			);
			name = Frameworks;
			sourceTree = "<group>";
		};
/* End PBXGroup section */

/* Begin PBXNativeTarget section */
		B1B735502538BDA900BA1B14 /* Midterm */ = {
			isa = PBXNativeTarget;
			buildConfigurationList = B1B735652538BDAC00BA1B14 /* Build configuration list for PBXNativeTarget "Midterm" */;
			buildPhases = (
				9AD875F6DD4BECF6867A9830 /* [CP] Check Pods Manifest.lock */,
				B1B7354D2538BDA900BA1B14 /* Sources */,
				B1B7354E2538BDA900BA1B14 /* Frameworks */,
				B1B7354F2538BDA900BA1B14 /* Resources */,
				77C1E1161FBD3D5A61946637 /* [CP] Embed Pods Frameworks */,
			);
			buildRules = (
			);
			dependencies = (
			);
			name = Midterm;
			productName = Midterm;
			productReference = B1B735512538BDAA00BA1B14 /* Midterm.app */;
			productType = "com.apple.product-type.application";
		};
/* End PBXNativeTarget section */

/* Begin PBXProject section */
		B1B735492538BDA900BA1B14 /* Project object */ = {
			isa = PBXProject;
			attributes = {
				LastSwiftUpdateCheck = 1170;
				LastUpgradeCheck = 1170;
				ORGANIZATIONNAME = "Тогжан Салимова";
				TargetAttributes = {
					B1B735502538BDA900BA1B14 = {
						CreatedOnToolsVersion = 11.7;
					};
				};
			};
			buildConfigurationList = B1B7354C2538BDA900BA1B14 /* Build configuration list for PBXProject "Midterm" */;
			compatibilityVersion = "Xcode 9.3";
			developmentRegion = en;
			hasScannedForEncodings = 0;
			knownRegions = (
				en,
				Base,
			);
			mainGroup = B1B735482538BDA900BA1B14;
			productRefGroup = B1B735522538BDAA00BA1B14 /* Products */;
			projectDirPath = "";
			projectRoot = "";
			targets = (
				B1B735502538BDA900BA1B14 /* Midterm */,
			);
		};
/* End PBXProject section */

/* Begin PBXResourcesBuildPhase section */
		B1B7354F2538BDA900BA1B14 /* Resources */ = {
			isa = PBXResourcesBuildPhase;
			buildActionMask = 2147483647;
			files = (
				B1B735612538BDAC00BA1B14 /* LaunchScreen.storyboard in Resources */,
				B1B7355E2538BDAC00BA1B14 /* Assets.xcassets in Resources */,
				B1B7355C2538BDAA00BA1B14 /* Main.storyboard in Resources */,
			);
			runOnlyForDeploymentPostprocessing = 0;
		};
/* End PBXResourcesBuildPhase section */

/* Begin PBXShellScriptBuildPhase section */
		77C1E1161FBD3D5A61946637 /* [CP] Embed Pods Frameworks */ = {
			isa = PBXShellScriptBuildPhase;
			buildActionMask = 2147483647;
			files = (
			);
			inputFileListPaths = (
				"${PODS_ROOT}/Target Support Files/Pods-Midterm/Pods-Midterm-frameworks-${CONFIGURATION}-input-files.xcfilelist",
			);
			name = "[CP] Embed Pods Frameworks";
			outputFileListPaths = (
				"${PODS_ROOT}/Target Support Files/Pods-Midterm/Pods-Midterm-frameworks-${CONFIGURATION}-output-files.xcfilelist",
			);
			runOnlyForDeploymentPostprocessing = 0;
			shellPath = /bin/sh;
			shellScript = "\"${PODS_ROOT}/Target Support Files/Pods-Midterm/Pods-Midterm-frameworks.sh\"\n";
			showEnvVarsInLog = 0;
		};
		9AD875F6DD4BECF6867A9830 /* [CP] Check Pods Manifest.lock */ = {
			isa = PBXShellScriptBuildPhase;
			buildActionMask = 2147483647;
			files = (
			);
			inputFileListPaths = (
			);
			inputPaths = (
				"${PODS_PODFILE_DIR_PATH}/Podfile.lock",
				"${PODS_ROOT}/Manifest.lock",
			);
			name = "[CP] Check Pods Manifest.lock";
			outputFileListPaths = (
			);
			outputPaths = (
				"$(DERIVED_FILE_DIR)/Pods-Midterm-checkManifestLockResult.txt",
			);
			runOnlyForDeploymentPostprocessing = 0;
			shellPath = /bin/sh;
			shellScript = "diff \"${PODS_PODFILE_DIR_PATH}/Podfile.lock\" \"${PODS_ROOT}/Manifest.lock\" > /dev/null\nif [ $? != 0 ] ; then\n    # print error to STDERR\n    echo \"error: The sandbox is not in sync with the Podfile.lock. Run 'pod install' or update your CocoaPods installation.\" >&2\n    exit 1\nfi\n# This output is used by Xcode 'outputs' to avoid re-running this script phase.\necho \"SUCCESS\" > \"${SCRIPT_OUTPUT_FILE_0}\"\n";
			showEnvVarsInLog = 0;
		};
/* End PBXShellScriptBuildPhase section */

/* Begin PBXSourcesBuildPhase section */
		B1B7354D2538BDA900BA1B14 /* Sources */ = {
			isa = PBXSourcesBuildPhase;
			buildActionMask = 2147483647;
			files = (
				B119D99F2547C53C0001C9FC /* HolidaysTableViewController.swift in Sources */,
				B1E8D742253AF01D00AEC11E /* Custom2TableViewCell.swift in Sources */,
				B1E8D74C253B619A00AEC11E /* UserViewController.swift in Sources */,
				B1DA031A2539EDD700DB699D /* CountryViewController.swift in Sources */,
				B176A8612539780A00EA3EE6 /* HolidayRequest.swift in Sources */,
				B176A85F253975AF00EA3EE6 /* Holiday.swift in Sources */,
				B1E8D740253AED4800AEC11E /* DetailViewController.swift in Sources */,
				B1B735692538CE0300BA1B14 /* CalendarViewController.swift in Sources */,
				B1B735592538BDAA00BA1B14 /* ViewController.swift in Sources */,
				B1DA031C253A014200DB699D /* CustomTableViewCell.swift in Sources */,
				B1E8D74A253B611100AEC11E /* DevelopersViewController.swift in Sources */,
				B1E8D74E253B61EA00AEC11E /* Models.swift in Sources */,
				B1B735552538BDAA00BA1B14 /* AppDelegate.swift in Sources */,
				B1B735572538BDAA00BA1B14 /* SceneDelegate.swift in Sources */,
				B1DA03182539C55B00DB699D /* MapViewController.swift in Sources */,
				B135BA76253A1CB100B98F34 /* LoginViewController.swift in Sources */,
			);
			runOnlyForDeploymentPostprocessing = 0;
		};
/* End PBXSourcesBuildPhase section */

/* Begin PBXVariantGroup section */
		B1B7355A2538BDAA00BA1B14 /* Main.storyboard */ = {
			isa = PBXVariantGroup;
			children = (
				B1B7355B2538BDAA00BA1B14 /* Base */,
			);
			name = Main.storyboard;
			sourceTree = "<group>";
		};
		B1B7355F2538BDAC00BA1B14 /* LaunchScreen.storyboard */ = {
			isa = PBXVariantGroup;
			children = (
				B1B735602538BDAC00BA1B14 /* Base */,
			);
			name = LaunchScreen.storyboard;
			sourceTree = "<group>";
		};
/* End PBXVariantGroup section */

/* Begin XCBuildConfiguration section */
		B1B735632538BDAC00BA1B14 /* Debug */ = {
			isa = XCBuildConfiguration;
			buildSettings = {
				ALWAYS_SEARCH_USER_PATHS = NO;
				CLANG_ANALYZER_NONNULL = YES;
				CLANG_ANALYZER_NUMBER_OBJECT_CONVERSION = YES_AGGRESSIVE;
				CLANG_CXX_LANGUAGE_STANDARD = "gnu++14";
				CLANG_CXX_LIBRARY = "libc++";
				CLANG_ENABLE_MODULES = YES;
				CLANG_ENABLE_OBJC_ARC = YES;
				CLANG_ENABLE_OBJC_WEAK = YES;
				CLANG_WARN_BLOCK_CAPTURE_AUTORELEASING = YES;
				CLANG_WARN_BOOL_CONVERSION = YES;
				CLANG_WARN_COMMA = YES;
				CLANG_WARN_CONSTANT_CONVERSION = YES;
				CLANG_WARN_DEPRECATED_OBJC_IMPLEMENTATIONS = YES;
				CLANG_WARN_DIRECT_OBJC_ISA_USAGE = YES_ERROR;
				CLANG_WARN_DOCUMENTATION_COMMENTS = YES;
				CLANG_WARN_EMPTY_BODY = YES;
				CLANG_WARN_ENUM_CONVERSION = YES;
				CLANG_WARN_INFINITE_RECURSION = YES;
				CLANG_WARN_INT_CONVERSION = YES;
				CLANG_WARN_NON_LITERAL_NULL_CONVERSION = YES;
				CLANG_WARN_OBJC_IMPLICIT_RETAIN_SELF = YES;
				CLANG_WARN_OBJC_LITERAL_CONVERSION = YES;
				CLANG_WARN_OBJC_ROOT_CLASS = YES_ERROR;
				CLANG_WARN_RANGE_LOOP_ANALYSIS = YES;
				CLANG_WARN_STRICT_PROTOTYPES = YES;
				CLANG_WARN_SUSPICIOUS_MOVE = YES;
				CLANG_WARN_UNGUARDED_AVAILABILITY = YES_AGGRESSIVE;
				CLANG_WARN_UNREACHABLE_CODE = YES;
				CLANG_WARN__DUPLICATE_METHOD_MATCH = YES;
				COPY_PHASE_STRIP = NO;
				DEBUG_INFORMATION_FORMAT = dwarf;
				ENABLE_STRICT_OBJC_MSGSEND = YES;
				ENABLE_TESTABILITY = YES;
				GCC_C_LANGUAGE_STANDARD = gnu11;
				GCC_DYNAMIC_NO_PIC = NO;
				GCC_NO_COMMON_BLOCKS = YES;
				GCC_OPTIMIZATION_LEVEL = 0;
				GCC_PREPROCESSOR_DEFINITIONS = (
					"DEBUG=1",
					"$(inherited)",
				);
				GCC_WARN_64_TO_32_BIT_CONVERSION = YES;
				GCC_WARN_ABOUT_RETURN_TYPE = YES_ERROR;
				GCC_WARN_UNDECLARED_SELECTOR = YES;
				GCC_WARN_UNINITIALIZED_AUTOS = YES_AGGRESSIVE;
				GCC_WARN_UNUSED_FUNCTION = YES;
				GCC_WARN_UNUSED_VARIABLE = YES;
				IPHONEOS_DEPLOYMENT_TARGET = 13.7;
				MTL_ENABLE_DEBUG_INFO = INCLUDE_SOURCE;
				MTL_FAST_MATH = YES;
				ONLY_ACTIVE_ARCH = YES;
				SDKROOT = iphoneos;
				SWIFT_ACTIVE_COMPILATION_CONDITIONS = DEBUG;
				SWIFT_OPTIMIZATION_LEVEL = "-Onone";
			};
			name = Debug;
		};
		B1B735642538BDAC00BA1B14 /* Release */ = {
			isa = XCBuildConfiguration;
			buildSettings = {
				ALWAYS_SEARCH_USER_PATHS = NO;
				CLANG_ANALYZER_NONNULL = YES;
				CLANG_ANALYZER_NUMBER_OBJECT_CONVERSION = YES_AGGRESSIVE;
				CLANG_CXX_LANGUAGE_STANDARD = "gnu++14";
				CLANG_CXX_LIBRARY = "libc++";
				CLANG_ENABLE_MODULES = YES;
				CLANG_ENABLE_OBJC_ARC = YES;
				CLANG_ENABLE_OBJC_WEAK = YES;
				CLANG_WARN_BLOCK_CAPTURE_AUTORELEASING = YES;
				CLANG_WARN_BOOL_CONVERSION = YES;
				CLANG_WARN_COMMA = YES;
				CLANG_WARN_CONSTANT_CONVERSION = YES;
				CLANG_WARN_DEPRECATED_OBJC_IMPLEMENTATIONS = YES;
				CLANG_WARN_DIRECT_OBJC_ISA_USAGE = YES_ERROR;
				CLANG_WARN_DOCUMENTATION_COMMENTS = YES;
				CLANG_WARN_EMPTY_BODY = YES;
				CLANG_WARN_ENUM_CONVERSION = YES;
				CLANG_WARN_INFINITE_RECURSION = YES;
				CLANG_WARN_INT_CONVERSION = YES;
				CLANG_WARN_NON_LITERAL_NULL_CONVERSION = YES;
				CLANG_WARN_OBJC_IMPLICIT_RETAIN_SELF = YES;
				CLANG_WARN_OBJC_LITERAL_CONVERSION = YES;
				CLANG_WARN_OBJC_ROOT_CLASS = YES_ERROR;
				CLANG_WARN_RANGE_LOOP_ANALYSIS = YES;
				CLANG_WARN_STRICT_PROTOTYPES = YES;
				CLANG_WARN_SUSPICIOUS_MOVE = YES;
				CLANG_WARN_UNGUARDED_AVAILABILITY = YES_AGGRESSIVE;
				CLANG_WARN_UNREACHABLE_CODE = YES;
				CLANG_WARN__DUPLICATE_METHOD_MATCH = YES;
				COPY_PHASE_STRIP = NO;
				DEBUG_INFORMATION_FORMAT = "dwarf-with-dsym";
				ENABLE_NS_ASSERTIONS = NO;
				ENABLE_STRICT_OBJC_MSGSEND = YES;
				GCC_C_LANGUAGE_STANDARD = gnu11;
				GCC_NO_COMMON_BLOCKS = YES;
				GCC_WARN_64_TO_32_BIT_CONVERSION = YES;
				GCC_WARN_ABOUT_RETURN_TYPE = YES_ERROR;
				GCC_WARN_UNDECLARED_SELECTOR = YES;
				GCC_WARN_UNINITIALIZED_AUTOS = YES_AGGRESSIVE;
				GCC_WARN_UNUSED_FUNCTION = YES;
				GCC_WARN_UNUSED_VARIABLE = YES;
				IPHONEOS_DEPLOYMENT_TARGET = 13.7;
				MTL_ENABLE_DEBUG_INFO = NO;
				MTL_FAST_MATH = YES;
				SDKROOT = iphoneos;
				SWIFT_COMPILATION_MODE = wholemodule;
				SWIFT_OPTIMIZATION_LEVEL = "-O";
				VALIDATE_PRODUCT = YES;
			};
			name = Release;
		};
		B1B735662538BDAC00BA1B14 /* Debug */ = {
			isa = XCBuildConfiguration;
			baseConfigurationReference = 0DF2E32A71D0E74275CDD8A0 /* Pods-Midterm.debug.xcconfig */;
			buildSettings = {
				ASSETCATALOG_COMPILER_APPICON_NAME = AppIcon;
				CODE_SIGN_STYLE = Automatic;
				INFOPLIST_FILE = Midterm/Info.plist;
				LD_RUNPATH_SEARCH_PATHS = (
					"$(inherited)",
					"@executable_path/Frameworks",
				);
				PRODUCT_BUNDLE_IDENTIFIER = IITU.Midterm;
				PRODUCT_NAME = "$(TARGET_NAME)";
				SWIFT_VERSION = 5.0;
				TARGETED_DEVICE_FAMILY = "1,2";
			};
			name = Debug;
		};
		B1B735672538BDAC00BA1B14 /* Release */ = {
			isa = XCBuildConfiguration;
			baseConfigurationReference = CECB1DFA5BD938FE2DDD9068 /* Pods-Midterm.release.xcconfig */;
			buildSettings = {
				ASSETCATALOG_COMPILER_APPICON_NAME = AppIcon;
				CODE_SIGN_STYLE = Automatic;
				INFOPLIST_FILE = Midterm/Info.plist;
				LD_RUNPATH_SEARCH_PATHS = (
					"$(inherited)",
					"@executable_path/Frameworks",
				);
				PRODUCT_BUNDLE_IDENTIFIER = IITU.Midterm;
				PRODUCT_NAME = "$(TARGET_NAME)";
				SWIFT_VERSION = 5.0;
				TARGETED_DEVICE_FAMILY = "1,2";
			};
			name = Release;
		};
/* End XCBuildConfiguration section */

/* Begin XCConfigurationList section */
		B1B7354C2538BDA900BA1B14 /* Build configuration list for PBXProject "Midterm" */ = {
			isa = XCConfigurationList;
			buildConfigurations = (
				B1B735632538BDAC00BA1B14 /* Debug */,
				B1B735642538BDAC00BA1B14 /* Release */,
			);
			defaultConfigurationIsVisible = 0;
			defaultConfigurationName = Release;
		};
		B1B735652538BDAC00BA1B14 /* Build configuration list for PBXNativeTarget "Midterm" */ = {
			isa = XCConfigurationList;
			buildConfigurations = (
				B1B735662538BDAC00BA1B14 /* Debug */,
				B1B735672538BDAC00BA1B14 /* Release */,
			);
			defaultConfigurationIsVisible = 0;
			defaultConfigurationName = Release;
		};
/* End XCConfigurationList section */
	};
	rootObject = B1B735492538BDA900BA1B14 /* Project object */;
}
